// !$*UTF8*$!
{
	archiveVersion = 1;
	classes = {
	};
	objectVersion = 77;
	objects = {

/* Begin PBXContainerItemProxy section */
		D182E37A2DACDD2F00EBB59F /* PBXContainerItemProxy */ = {
			isa = PBXContainerItemProxy;
			containerPortal = D182E3582DACDD2E00EBB59F /* Project object */;
			proxyType = 1;
			remoteGlobalIDString = D182E35F2DACDD2E00EBB59F;
			remoteInfo = CurrencyCalculator0414;
		};
		D182E3842DACDD2F00EBB59F /* PBXContainerItemProxy */ = {
			isa = PBXContainerItemProxy;
			containerPortal = D182E3582DACDD2E00EBB59F /* Project object */;
			proxyType = 1;
			remoteGlobalIDString = D182E35F2DACDD2E00EBB59F;
			remoteInfo = CurrencyCalculator0414;
		};
/* End PBXContainerItemProxy section */

/* Begin PBXFileReference section */
		D182E3602DACDD2E00EBB59F /* CurrencyCalculator0414.app */ = {isa = PBXFileReference; explicitFileType = wrapper.application; includeInIndex = 0; path = CurrencyCalculator0414.app; sourceTree = BUILT_PRODUCTS_DIR; };
		D182E3792DACDD2F00EBB59F /* CurrencyCalculator0414Tests.xctest */ = {isa = PBXFileReference; explicitFileType = wrapper.cfbundle; includeInIndex = 0; path = CurrencyCalculator0414Tests.xctest; sourceTree = BUILT_PRODUCTS_DIR; };
		D182E3832DACDD2F00EBB59F /* CurrencyCalculator0414UITests.xctest */ = {isa = PBXFileReference; explicitFileType = wrapper.cfbundle; includeInIndex = 0; path = CurrencyCalculator0414UITests.xctest; sourceTree = BUILT_PRODUCTS_DIR; };
/* End PBXFileReference section */

/* Begin PBXFileSystemSynchronizedBuildFileExceptionSet section */
		D182E38B2DACDD2F00EBB59F /* Exceptions for "CurrencyCalculator0414" folder in "CurrencyCalculator0414" target */ = {
			isa = PBXFileSystemSynchronizedBuildFileExceptionSet;
			membershipExceptions = (
				Info.plist,
			);
			target = D182E35F2DACDD2E00EBB59F /* CurrencyCalculator0414 */;
		};
/* End PBXFileSystemSynchronizedBuildFileExceptionSet section */

/* Begin PBXFileSystemSynchronizedRootGroup section */
		D182E3622DACDD2E00EBB59F /* CurrencyCalculator0414 */ = {
			isa = PBXFileSystemSynchronizedRootGroup;
			exceptions = (
				D182E38B2DACDD2F00EBB59F /* Exceptions for "CurrencyCalculator0414" folder in "CurrencyCalculator0414" target */,
			);
			path = CurrencyCalculator0414;
			sourceTree = "<group>";
		};
		D182E37C2DACDD2F00EBB59F /* CurrencyCalculator0414Tests */ = {
			isa = PBXFileSystemSynchronizedRootGroup;
			path = CurrencyCalculator0414Tests;
			sourceTree = "<group>";
		};
		D182E3862DACDD2F00EBB59F /* CurrencyCalculator0414UITests */ = {
			isa = PBXFileSystemSynchronizedRootGroup;
			path = CurrencyCalculator0414UITests;
			sourceTree = "<group>";
		};
/* End PBXFileSystemSynchronizedRootGroup section */

/* Begin PBXFrameworksBuildPhase section */
		D182E35D2DACDD2E00EBB59F /* Frameworks */ = {
			isa = PBXFrameworksBuildPhase;
			buildActionMask = 2147483647;
			files = (
			);
			runOnlyForDeploymentPostprocessing = 0;
		};
		D182E3762DACDD2F00EBB59F /* Frameworks */ = {
			isa = PBXFrameworksBuildPhase;
			buildActionMask = 2147483647;
			files = (
			);
			runOnlyForDeploymentPostprocessing = 0;
		};
		D182E3802DACDD2F00EBB59F /* Frameworks */ = {
			isa = PBXFrameworksBuildPhase;
			buildActionMask = 2147483647;
			files = (
			);
			runOnlyForDeploymentPostprocessing = 0;
		};
/* End PBXFrameworksBuildPhase section */

/* Begin PBXGroup section */
		D182E3572DACDD2E00EBB59F = {
			isa = PBXGroup;
			children = (
				D182E3622DACDD2E00EBB59F /* CurrencyCalculator0414 */,
				D182E37C2DACDD2F00EBB59F /* CurrencyCalculator0414Tests */,
				D182E3862DACDD2F00EBB59F /* CurrencyCalculator0414UITests */,
				D182E3612DACDD2E00EBB59F /* Products */,
			);
			sourceTree = "<group>";
		};
		D182E3612DACDD2E00EBB59F /* Products */ = {
			isa = PBXGroup;
			children = (
				D182E3602DACDD2E00EBB59F /* CurrencyCalculator0414.app */,
				D182E3792DACDD2F00EBB59F /* CurrencyCalculator0414Tests.xctest */,
				D182E3832DACDD2F00EBB59F /* CurrencyCalculator0414UITests.xctest */,
			);
			name = Products;
			sourceTree = "<group>";
		};
/* End PBXGroup section */

/* Begin PBXNativeTarget section */
		D182E35F2DACDD2E00EBB59F /* CurrencyCalculator0414 */ = {
			isa = PBXNativeTarget;
			buildConfigurationList = D182E38C2DACDD2F00EBB59F /* Build configuration list for PBXNativeTarget "CurrencyCalculator0414" */;
			buildPhases = (
				D182E35C2DACDD2E00EBB59F /* Sources */,
				D182E35D2DACDD2E00EBB59F /* Frameworks */,
				D182E35E2DACDD2E00EBB59F /* Resources */,
			);
			buildRules = (
			);
			dependencies = (
			);
			fileSystemSynchronizedGroups = (
				D182E3622DACDD2E00EBB59F /* CurrencyCalculator0414 */,
			);
			name = CurrencyCalculator0414;
			packageProductDependencies = (
			);
			productName = CurrencyCalculator0414;
			productReference = D182E3602DACDD2E00EBB59F /* CurrencyCalculator0414.app */;
			productType = "com.apple.product-type.application";
		};
		D182E3782DACDD2F00EBB59F /* CurrencyCalculator0414Tests */ = {
			isa = PBXNativeTarget;
			buildConfigurationList = D182E3912DACDD2F00EBB59F /* Build configuration list for PBXNativeTarget "CurrencyCalculator0414Tests" */;
			buildPhases = (
				D182E3752DACDD2F00EBB59F /* Sources */,
				D182E3762DACDD2F00EBB59F /* Frameworks */,
				D182E3772DACDD2F00EBB59F /* Resources */,
			);
			buildRules = (
			);
			dependencies = (
				D182E37B2DACDD2F00EBB59F /* PBXTargetDependency */,
			);
			fileSystemSynchronizedGroups = (
				D182E37C2DACDD2F00EBB59F /* CurrencyCalculator0414Tests */,
			);
			name = CurrencyCalculator0414Tests;
			packageProductDependencies = (
			);
			productName = CurrencyCalculator0414Tests;
			productReference = D182E3792DACDD2F00EBB59F /* CurrencyCalculator0414Tests.xctest */;
			productType = "com.apple.product-type.bundle.unit-test";
		};
		D182E3822DACDD2F00EBB59F /* CurrencyCalculator0414UITests */ = {
			isa = PBXNativeTarget;
			buildConfigurationList = D182E3942DACDD2F00EBB59F /* Build configuration list for PBXNativeTarget "CurrencyCalculator0414UITests" */;
			buildPhases = (
				D182E37F2DACDD2F00EBB59F /* Sources */,
				D182E3802DACDD2F00EBB59F /* Frameworks */,
				D182E3812DACDD2F00EBB59F /* Resources */,
			);
			buildRules = (
			);
			dependencies = (
				D182E3852DACDD2F00EBB59F /* PBXTargetDependency */,
			);
			fileSystemSynchronizedGroups = (
				D182E3862DACDD2F00EBB59F /* CurrencyCalculator0414UITests */,
			);
			name = CurrencyCalculator0414UITests;
			packageProductDependencies = (
			);
			productName = CurrencyCalculator0414UITests;
			productReference = D182E3832DACDD2F00EBB59F /* CurrencyCalculator0414UITests.xctest */;
			productType = "com.apple.product-type.bundle.ui-testing";
		};
/* End PBXNativeTarget section */

/* Begin PBXProject section */
		D182E3582DACDD2E00EBB59F /* Project object */ = {
			isa = PBXProject;
			attributes = {
				BuildIndependentTargetsInParallel = 1;
				LastSwiftUpdateCheck = 1630;
				LastUpgradeCheck = 1630;
				TargetAttributes = {
					D182E35F2DACDD2E00EBB59F = {
						CreatedOnToolsVersion = 16.3;
					};
					D182E3782DACDD2F00EBB59F = {
						CreatedOnToolsVersion = 16.3;
						TestTargetID = D182E35F2DACDD2E00EBB59F;
					};
					D182E3822DACDD2F00EBB59F = {
						CreatedOnToolsVersion = 16.3;
						TestTargetID = D182E35F2DACDD2E00EBB59F;
					};
				};
			};
			buildConfigurationList = D182E35B2DACDD2E00EBB59F /* Build configuration list for PBXProject "CurrencyCalculator0414" */;
			developmentRegion = en;
			hasScannedForEncodings = 0;
			knownRegions = (
				en,
				Base,
			);
			mainGroup = D182E3572DACDD2E00EBB59F;
			minimizedProjectReferenceProxies = 1;
			preferredProjectObjectVersion = 77;
			productRefGroup = D182E3612DACDD2E00EBB59F /* Products */;
			projectDirPath = "";
			projectRoot = "";
			targets = (
				D182E35F2DACDD2E00EBB59F /* CurrencyCalculator0414 */,
				D182E3782DACDD2F00EBB59F /* CurrencyCalculator0414Tests */,
				D182E3822DACDD2F00EBB59F /* CurrencyCalculator0414UITests */,
			);
		};
/* End PBXProject section */

/* Begin PBXResourcesBuildPhase section */
		D182E35E2DACDD2E00EBB59F /* Resources */ = {
			isa = PBXResourcesBuildPhase;
			buildActionMask = 2147483647;
			files = (
			);
			runOnlyForDeploymentPostprocessing = 0;
		};
		D182E3772DACDD2F00EBB59F /* Resources */ = {
			isa = PBXResourcesBuildPhase;
			buildActionMask = 2147483647;
			files = (
			);
			runOnlyForDeploymentPostprocessing = 0;
		};
		D182E3812DACDD2F00EBB59F /* Resources */ = {
			isa = PBXResourcesBuildPhase;
			buildActionMask = 2147483647;
			files = (
			);
			runOnlyForDeploymentPostprocessing = 0;
		};
/* End PBXResourcesBuildPhase section */

/* Begin PBXSourcesBuildPhase section */
		D182E35C2DACDD2E00EBB59F /* Sources */ = {
			isa = PBXSourcesBuildPhase;
			buildActionMask = 2147483647;
			files = (
			);
			runOnlyForDeploymentPostprocessing = 0;
		};
		D182E3752DACDD2F00EBB59F /* Sources */ = {
			isa = PBXSourcesBuildPhase;
			buildActionMask = 2147483647;
			files = (
			);
			runOnlyForDeploymentPostprocessing = 0;
		};
		D182E37F2DACDD2F00EBB59F /* Sources */ = {
			isa = PBXSourcesBuildPhase;
			buildActionMask = 2147483647;
			files = (
			);
			runOnlyForDeploymentPostprocessing = 0;
		};
/* End PBXSourcesBuildPhase section */

/* Begin PBXTargetDependency section */
		D182E37B2DACDD2F00EBB59F /* PBXTargetDependency */ = {
			isa = PBXTargetDependency;
			target = D182E35F2DACDD2E00EBB59F /* CurrencyCalculator0414 */;
			targetProxy = D182E37A2DACDD2F00EBB59F /* PBXContainerItemProxy */;
		};
		D182E3852DACDD2F00EBB59F /* PBXTargetDependency */ = {
			isa = PBXTargetDependency;
			target = D182E35F2DACDD2E00EBB59F /* CurrencyCalculator0414 */;
			targetProxy = D182E3842DACDD2F00EBB59F /* PBXContainerItemProxy */;
		};
/* End PBXTargetDependency section */

/* Begin XCBuildConfiguration section */
		D182E38D2DACDD2F00EBB59F /* Debug */ = {
			isa = XCBuildConfiguration;
			buildSettings = {
				ASSETCATALOG_COMPILER_APPICON_NAME = AppIcon;
				ASSETCATALOG_COMPILER_GLOBAL_ACCENT_COLOR_NAME = AccentColor;
				CODE_SIGN_STYLE = Automatic;
				CURRENT_PROJECT_VERSION = 1;
				GENERATE_INFOPLIST_FILE = YES;
				INFOPLIST_FILE = CurrencyCalculator0414/Info.plist;
				INFOPLIST_KEY_UIApplicationSupportsIndirectInputEvents = YES;
				INFOPLIST_KEY_UILaunchStoryboardName = LaunchScreen;
				INFOPLIST_KEY_UISupportedInterfaceOrientations_iPad = "UIInterfaceOrientationPortrait UIInterfaceOrientationPortraitUpsideDown UIInterfaceOrientationLandscapeLeft UIInterfaceOrientationLandscapeRight";
				INFOPLIST_KEY_UISupportedInterfaceOrientations_iPhone = "UIInterfaceOrientationPortrait UIInterfaceOrientationLandscapeLeft UIInterfaceOrientationLandscapeRight";
				LD_RUNPATH_SEARCH_PATHS = (
					"$(inherited)",
					"@executable_path/Frameworks",
				);
				MARKETING_VERSION = 1.0;
				PRODUCT_BUNDLE_IDENTIFIER = com.CurrencyCalculator0414;
				PRODUCT_NAME = "$(TARGET_NAME)";
				SWIFT_EMIT_LOC_STRINGS = YES;
				SWIFT_VERSION = 5.0;
				TARGETED_DEVICE_FAMILY = "1,2";
			};
			name = Debug;
		};
		D182E38E2DACDD2F00EBB59F /* Release */ = {
			isa = XCBuildConfiguration;
			buildSettings = {
				ASSETCATALOG_COMPILER_APPICON_NAME = AppIcon;
				ASSETCATALOG_COMPILER_GLOBAL_ACCENT_COLOR_NAME = AccentColor;
				CODE_SIGN_STYLE = Automatic;
				CURRENT_PROJECT_VERSION = 1;
				GENERATE_INFOPLIST_FILE = YES;
				INFOPLIST_FILE = CurrencyCalculator0414/Info.plist;
				INFOPLIST_KEY_UIApplicationSupportsIndirectInputEvents = YES;
				INFOPLIST_KEY_UILaunchStoryboardName = LaunchScreen;
				INFOPLIST_KEY_UISupportedInterfaceOrientations_iPad = "UIInterfaceOrientationPortrait UIInterfaceOrientationPortraitUpsideDown UIInterfaceOrientationLandscapeLeft UIInterfaceOrientationLandscapeRight";
				INFOPLIST_KEY_UISupportedInterfaceOrientations_iPhone = "UIInterfaceOrientationPortrait UIInterfaceOrientationLandscapeLeft UIInterfaceOrientationLandscapeRight";
				LD_RUNPATH_SEARCH_PATHS = (
					"$(inherited)",
					"@executable_path/Frameworks",
				);
				MARKETING_VERSION = 1.0;
				PRODUCT_BUNDLE_IDENTIFIER = com.CurrencyCalculator0414;
				PRODUCT_NAME = "$(TARGET_NAME)";
				SWIFT_EMIT_LOC_STRINGS = YES;
				SWIFT_VERSION = 5.0;
				TARGETED_DEVICE_FAMILY = "1,2";
			};
			name = Release;
		};
		D182E38F2DACDD2F00EBB59F /* Debug */ = {
			isa = XCBuildConfiguration;
			buildSettings = {
				ALWAYS_SEARCH_USER_PATHS = NO;
				ASSETCATALOG_COMPILER_GENERATE_SWIFT_ASSET_SYMBOL_EXTENSIONS = YES;
				CLANG_ANALYZER_NONNULL = YES;
				CLANG_ANALYZER_NUMBER_OBJECT_CONVERSION = YES_AGGRESSIVE;
				CLANG_CXX_LANGUAGE_STANDARD = "gnu++20";
				CLANG_ENABLE_MODULES = YES;
				CLANG_ENABLE_OBJC_ARC = YES;
				CLANG_ENABLE_OBJC_WEAK = YES;
				CLANG_WARN_BLOCK_CAPTURE_AUTORELEASING = YES;
				CLANG_WARN_BOOL_CONVERSION = YES;
				CLANG_WARN_COMMA = YES;
				CLANG_WARN_CONSTANT_CONVERSION = YES;
				CLANG_WARN_DEPRECATED_OBJC_IMPLEMENTATIONS = YES;
				CLANG_WARN_DIRECT_OBJC_ISA_USAGE = YES_ERROR;
				CLANG_WARN_DOCUMENTATION_COMMENTS = YES;
				CLANG_WARN_EMPTY_BODY = YES;
				CLANG_WARN_ENUM_CONVERSION = YES;
				CLANG_WARN_INFINITE_RECURSION = YES;
				CLANG_WARN_INT_CONVERSION = YES;
				CLANG_WARN_NON_LITERAL_NULL_CONVERSION = YES;
				CLANG_WARN_OBJC_IMPLICIT_RETAIN_SELF = YES;
				CLANG_WARN_OBJC_LITERAL_CONVERSION = YES;
				CLANG_WARN_OBJC_ROOT_CLASS = YES_ERROR;
				CLANG_WARN_QUOTED_INCLUDE_IN_FRAMEWORK_HEADER = YES;
				CLANG_WARN_RANGE_LOOP_ANALYSIS = YES;
				CLANG_WARN_STRICT_PROTOTYPES = YES;
				CLANG_WARN_SUSPICIOUS_MOVE = YES;
				CLANG_WARN_UNGUARDED_AVAILABILITY = YES_AGGRESSIVE;
				CLANG_WARN_UNREACHABLE_CODE = YES;
				CLANG_WARN__DUPLICATE_METHOD_MATCH = YES;
				COPY_PHASE_STRIP = NO;
				DEBUG_INFORMATION_FORMAT = dwarf;
				ENABLE_STRICT_OBJC_MSGSEND = YES;
				ENABLE_TESTABILITY = YES;
				ENABLE_USER_SCRIPT_SANDBOXING = YES;
				GCC_C_LANGUAGE_STANDARD = gnu17;
				GCC_DYNAMIC_NO_PIC = NO;
				GCC_NO_COMMON_BLOCKS = YES;
				GCC_OPTIMIZATION_LEVEL = 0;
				GCC_PREPROCESSOR_DEFINITIONS = (
					"DEBUG=1",
					"$(inherited)",
				);
				GCC_WARN_64_TO_32_BIT_CONVERSION = YES;
				GCC_WARN_ABOUT_RETURN_TYPE = YES_ERROR;
				GCC_WARN_UNDECLARED_SELECTOR = YES;
				GCC_WARN_UNINITIALIZED_AUTOS = YES_AGGRESSIVE;
				GCC_WARN_UNUSED_FUNCTION = YES;
				GCC_WARN_UNUSED_VARIABLE = YES;
				IPHONEOS_DEPLOYMENT_TARGET = 18.4;
				LOCALIZATION_PREFERS_STRING_CATALOGS = YES;
				MTL_ENABLE_DEBUG_INFO = INCLUDE_SOURCE;
				MTL_FAST_MATH = YES;
				ONLY_ACTIVE_ARCH = YES;
				SDKROOT = iphoneos;
				SWIFT_ACTIVE_COMPILATION_CONDITIONS = "DEBUG $(inherited)";
				SWIFT_OPTIMIZATION_LEVEL = "-Onone";
			};
			name = Debug;
		};
		D182E3902DACDD2F00EBB59F /* Release */ = {
			isa = XCBuildConfiguration;
			buildSettings = {
				ALWAYS_SEARCH_USER_PATHS = NO;
				ASSETCATALOG_COMPILER_GENERATE_SWIFT_ASSET_SYMBOL_EXTENSIONS = YES;
				CLANG_ANALYZER_NONNULL = YES;
				CLANG_ANALYZER_NUMBER_OBJECT_CONVERSION = YES_AGGRESSIVE;
				CLANG_CXX_LANGUAGE_STANDARD = "gnu++20";
				CLANG_ENABLE_MODULES = YES;
				CLANG_ENABLE_OBJC_ARC = YES;
				CLANG_ENABLE_OBJC_WEAK = YES;
				CLANG_WARN_BLOCK_CAPTURE_AUTORELEASING = YES;
				CLANG_WARN_BOOL_CONVERSION = YES;
				CLANG_WARN_COMMA = YES;
				CLANG_WARN_CONSTANT_CONVERSION = YES;
				CLANG_WARN_DEPRECATED_OBJC_IMPLEMENTATIONS = YES;
				CLANG_WARN_DIRECT_OBJC_ISA_USAGE = YES_ERROR;
				CLANG_WARN_DOCUMENTATION_COMMENTS = YES;
				CLANG_WARN_EMPTY_BODY = YES;
				CLANG_WARN_ENUM_CONVERSION = YES;
				CLANG_WARN_INFINITE_RECURSION = YES;
				CLANG_WARN_INT_CONVERSION = YES;
				CLANG_WARN_NON_LITERAL_NULL_CONVERSION = YES;
				CLANG_WARN_OBJC_IMPLICIT_RETAIN_SELF = YES;
				CLANG_WARN_OBJC_LITERAL_CONVERSION = YES;
				CLANG_WARN_OBJC_ROOT_CLASS = YES_ERROR;
				CLANG_WARN_QUOTED_INCLUDE_IN_FRAMEWORK_HEADER = YES;
				CLANG_WARN_RANGE_LOOP_ANALYSIS = YES;
				CLANG_WARN_STRICT_PROTOTYPES = YES;
				CLANG_WARN_SUSPICIOUS_MOVE = YES;
				CLANG_WARN_UNGUARDED_AVAILABILITY = YES_AGGRESSIVE;
				CLANG_WARN_UNREACHABLE_CODE = YES;
				CLANG_WARN__DUPLICATE_METHOD_MATCH = YES;
				COPY_PHASE_STRIP = NO;
				DEBUG_INFORMATION_FORMAT = "dwarf-with-dsym";
				ENABLE_NS_ASSERTIONS = NO;
				ENABLE_STRICT_OBJC_MSGSEND = YES;
				ENABLE_USER_SCRIPT_SANDBOXING = YES;
				GCC_C_LANGUAGE_STANDARD = gnu17;
				GCC_NO_COMMON_BLOCKS = YES;
				GCC_WARN_64_TO_32_BIT_CONVERSION = YES;
				GCC_WARN_ABOUT_RETURN_TYPE = YES_ERROR;
				GCC_WARN_UNDECLARED_SELECTOR = YES;
				GCC_WARN_UNINITIALIZED_AUTOS = YES_AGGRESSIVE;
				GCC_WARN_UNUSED_FUNCTION = YES;
				GCC_WARN_UNUSED_VARIABLE = YES;
				IPHONEOS_DEPLOYMENT_TARGET = 18.4;
				LOCALIZATION_PREFERS_STRING_CATALOGS = YES;
				MTL_ENABLE_DEBUG_INFO = NO;
				MTL_FAST_MATH = YES;
				SDKROOT = iphoneos;
				SWIFT_COMPILATION_MODE = wholemodule;
				VALIDATE_PRODUCT = YES;
			};
			name = Release;
		};
		D182E3922DACDD2F00EBB59F /* Debug */ = {
			isa = XCBuildConfiguration;
			buildSettings = {
				BUNDLE_LOADER = "$(TEST_HOST)";
				CODE_SIGN_STYLE = Automatic;
				CURRENT_PROJECT_VERSION = 1;
				GENERATE_INFOPLIST_FILE = YES;
				IPHONEOS_DEPLOYMENT_TARGET = 18.4;
				MARKETING_VERSION = 1.0;
				PRODUCT_BUNDLE_IDENTIFIER = com.CurrencyCalculator0414Tests;
				PRODUCT_NAME = "$(TARGET_NAME)";
				SWIFT_EMIT_LOC_STRINGS = NO;
				SWIFT_VERSION = 5.0;
				TARGETED_DEVICE_FAMILY = "1,2";
				TEST_HOST = "$(BUILT_PRODUCTS_DIR)/CurrencyCalculator0414.app/$(BUNDLE_EXECUTABLE_FOLDER_PATH)/CurrencyCalculator0414";
			};
			name = Debug;
		};
		D182E3932DACDD2F00EBB59F /* Release */ = {
			isa = XCBuildConfiguration;
			buildSettings = {
				BUNDLE_LOADER = "$(TEST_HOST)";
				CODE_SIGN_STYLE = Automatic;
				CURRENT_PROJECT_VERSION = 1;
				GENERATE_INFOPLIST_FILE = YES;
				IPHONEOS_DEPLOYMENT_TARGET = 18.4;
				MARKETING_VERSION = 1.0;
				PRODUCT_BUNDLE_IDENTIFIER = com.CurrencyCalculator0414Tests;
				PRODUCT_NAME = "$(TARGET_NAME)";
				SWIFT_EMIT_LOC_STRINGS = NO;
				SWIFT_VERSION = 5.0;
				TARGETED_DEVICE_FAMILY = "1,2";
				TEST_HOST = "$(BUILT_PRODUCTS_DIR)/CurrencyCalculator0414.app/$(BUNDLE_EXECUTABLE_FOLDER_PATH)/CurrencyCalculator0414";
			};
			name = Release;
		};
		D182E3952DACDD2F00EBB59F /* Debug */ = {
			isa = XCBuildConfiguration;
			buildSettings = {
				CODE_SIGN_STYLE = Automatic;
				CURRENT_PROJECT_VERSION = 1;
				GENERATE_INFOPLIST_FILE = YES;
				MARKETING_VERSION = 1.0;
				PRODUCT_BUNDLE_IDENTIFIER = com.CurrencyCalculator0414UITests;
				PRODUCT_NAME = "$(TARGET_NAME)";
				SWIFT_EMIT_LOC_STRINGS = NO;
				SWIFT_VERSION = 5.0;
				TARGETED_DEVICE_FAMILY = "1,2";
				TEST_TARGET_NAME = CurrencyCalculator0414;
			};
			name = Debug;
		};
		D182E3962DACDD2F00EBB59F /* Release */ = {
			isa = XCBuildConfiguration;
			buildSettings = {
				CODE_SIGN_STYLE = Automatic;
				CURRENT_PROJECT_VERSION = 1;
				GENERATE_INFOPLIST_FILE = YES;
				MARKETING_VERSION = 1.0;
				PRODUCT_BUNDLE_IDENTIFIER = com.CurrencyCalculator0414UITests;
				PRODUCT_NAME = "$(TARGET_NAME)";
				SWIFT_EMIT_LOC_STRINGS = NO;
				SWIFT_VERSION = 5.0;
				TARGETED_DEVICE_FAMILY = "1,2";
				TEST_TARGET_NAME = CurrencyCalculator0414;
			};
			name = Release;
		};
/* End XCBuildConfiguration section */

/* Begin XCConfigurationList section */
		D182E35B2DACDD2E00EBB59F /* Build configuration list for PBXProject "CurrencyCalculator0414" */ = {
			isa = XCConfigurationList;
			buildConfigurations = (
				D182E38F2DACDD2F00EBB59F /* Debug */,
				D182E3902DACDD2F00EBB59F /* Release */,
			);
			defaultConfigurationIsVisible = 0;
			defaultConfigurationName = Release;
		};
		D182E38C2DACDD2F00EBB59F /* Build configuration list for PBXNativeTarget "CurrencyCalculator0414" */ = {
			isa = XCConfigurationList;
			buildConfigurations = (
				D182E38D2DACDD2F00EBB59F /* Debug */,
				D182E38E2DACDD2F00EBB59F /* Release */,
			);
			defaultConfigurationIsVisible = 0;
			defaultConfigurationName = Release;
		};
		D182E3912DACDD2F00EBB59F /* Build configuration list for PBXNativeTarget "CurrencyCalculator0414Tests" */ = {
			isa = XCConfigurationList;
			buildConfigurations = (
				D182E3922DACDD2F00EBB59F /* Debug */,
				D182E3932DACDD2F00EBB59F /* Release */,
			);
			defaultConfigurationIsVisible = 0;
			defaultConfigurationName = Release;
		};
		D182E3942DACDD2F00EBB59F /* Build configuration list for PBXNativeTarget "CurrencyCalculator0414UITests" */ = {
			isa = XCConfigurationList;
			buildConfigurations = (
				D182E3952DACDD2F00EBB59F /* Debug */,
				D182E3962DACDD2F00EBB59F /* Release */,
			);
			defaultConfigurationIsVisible = 0;
			defaultConfigurationName = Release;
		};
/* End XCConfigurationList section */
	};
	rootObject = D182E3582DACDD2E00EBB59F /* Project object */;
}
